
Microsoft Visual Studio Solution File, Format Version 12.00
# Visual Studio Version 17
VisualStudioVersion = 17.10.35004.147
MinimumVisualStudioVersion = 10.0.40219.1
Project("{FAE04EC0-301F-11D3-BF4B-00C04F79EFBC}") = "Aula 11", "Aula 11\Aula 11.csproj", "{1384D0A1-5589-4CFA-A34F-286F1218CF0E}"
EndProject
Global
	GlobalSection(SolutionConfigurationPlatforms) = preSolution
		Debug|Any CPU = Debug|Any CPU
		Release|Any CPU = Release|Any CPU
	EndGlobalSection
	GlobalSection(ProjectConfigurationPlatforms) = postSolution
		{1384D0A1-5589-4CFA-A34F-286F1218CF0E}.Debug|Any CPU.ActiveCfg = Debug|Any CPU
		{1384D0A1-5589-4CFA-A34F-286F1218CF0E}.Debug|Any CPU.Build.0 = Debug|Any CPU
		{1384D0A1-5589-4CFA-A34F-286F1218CF0E}.Release|Any CPU.ActiveCfg = Release|Any CPU
		{1384D0A1-5589-4CFA-A34F-286F1218CF0E}.Release|Any CPU.Build.0 = Release|Any CPU
	EndGlobalSection
	GlobalSection(SolutionProperties) = preSolution
		HideSolutionNode = FALSE
	EndGlobalSection
	GlobalSection(ExtensibilityGlobals) = postSolution
		SolutionGuid = {F82FD4F3-E3F4-4AE0-83F6-E1FF31BDBF23}
	EndGlobalSection
EndGlobal
